
Microsoft Visual Studio Solution File, Format Version 12.00
# Visual Studio Version 17
VisualStudioVersion = 17.4.33213.308
MinimumVisualStudioVersion = 10.0.40219.1
Project("{FAE04EC0-301F-11D3-BF4B-00C04F79EFBC}") = "ChallengeApp2024", "ChallengeApp2024\ChallengeApp2024.csproj", "{1DCD0C50-463B-4383-A4DD-541B89A381FE}"
EndProject
Global
	GlobalSection(SolutionConfigurationPlatforms) = preSolution
		Debug|Any CPU = Debug|Any CPU
		Release|Any CPU = Release|Any CPU
	EndGlobalSection
	GlobalSection(ProjectConfigurationPlatforms) = postSolution
		{1DCD0C50-463B-4383-A4DD-541B89A381FE}.Debug|Any CPU.ActiveCfg = Debug|Any CPU
		{1DCD0C50-463B-4383-A4DD-541B89A381FE}.Debug|Any CPU.Build.0 = Debug|Any CPU
		{1DCD0C50-463B-4383-A4DD-541B89A381FE}.Release|Any CPU.ActiveCfg = Release|Any CPU
		{1DCD0C50-463B-4383-A4DD-541B89A381FE}.Release|Any CPU.Build.0 = Release|Any CPU
	EndGlobalSection
	GlobalSection(SolutionProperties) = preSolution
		HideSolutionNode = FALSE
	EndGlobalSection
	GlobalSection(ExtensibilityGlobals) = postSolution
		SolutionGuid = {429331A2-333C-4331-B95B-2CEBC7970B43}
	EndGlobalSection
EndGlobal
